
Microsoft Visual Studio Solution File, Format Version 12.00
# Visual Studio 15
VisualStudioVersion = 15.0.26730.12
MinimumVisualStudioVersion = 10.0.40219.1
Project("{FAE04EC0-301F-11D3-BF4B-00C04F79EFBC}") = "SerialPortHelperTest", "SerialPortHelperTest\SerialPortHelperTest.csproj", "{7A5E97FD-B827-4E14-804A-1A1FE499A9BA}"
EndProject
Project("{FAE04EC0-301F-11D3-BF4B-00C04F79EFBC}") = "SerialPortHelperLib", "SerialPortHelperLib\SerialPortHelperLib.csproj", "{33045BA2-C192-4A1A-8A96-31500719341B}"
EndProject
Global
	GlobalSection(SolutionConfigurationPlatforms) = preSolution
		Debug|Any CPU = Debug|Any CPU
		Release|Any CPU = Release|Any CPU
	EndGlobalSection
	GlobalSection(ProjectConfigurationPlatforms) = postSolution
		{7A5E97FD-B827-4E14-804A-1A1FE499A9BA}.Debug|Any CPU.ActiveCfg = Debug|Any CPU
		{7A5E97FD-B827-4E14-804A-1A1FE499A9BA}.Debug|Any CPU.Build.0 = Debug|Any CPU
		{7A5E97FD-B827-4E14-804A-1A1FE499A9BA}.Release|Any CPU.ActiveCfg = Release|Any CPU
		{7A5E97FD-B827-4E14-804A-1A1FE499A9BA}.Release|Any CPU.Build.0 = Release|Any CPU
		{33045BA2-C192-4A1A-8A96-31500719341B}.Debug|Any CPU.ActiveCfg = Debug|Any CPU
		{33045BA2-C192-4A1A-8A96-31500719341B}.Debug|Any CPU.Build.0 = Debug|Any CPU
		{33045BA2-C192-4A1A-8A96-31500719341B}.Release|Any CPU.ActiveCfg = Release|Any CPU
		{33045BA2-C192-4A1A-8A96-31500719341B}.Release|Any CPU.Build.0 = Release|Any CPU
	EndGlobalSection
	GlobalSection(SolutionProperties) = preSolution
		HideSolutionNode = FALSE
	EndGlobalSection
	GlobalSection(ExtensibilityGlobals) = postSolution
		SolutionGuid = {22B3F5A7-DB68-46CB-8DA8-AD7378410ADA}
	EndGlobalSection
EndGlobal
